
Microsoft Visual Studio Solution File, Format Version 12.00
# Visual Studio Version 16
VisualStudioVersion = 16.0.29123.88
MinimumVisualStudioVersion = 10.0.40219.1
Project("{9A19103F-16F7-4668-BE54-9A1E7A4F7556}") = "CommandLine", "..\Release\CommandLine\CommandLine.csproj", "{9F5F069C-9122-48B2-B94D-F4009F658AC2}"
EndProject
Project("{9A19103F-16F7-4668-BE54-9A1E7A4F7556}") = "Database", "..\Release\SQLiteDatabase\Database.csproj", "{EDC2D5F8-A9C0-41F9-9FDF-F6CBB05E308B}"
EndProject
Project("{9A19103F-16F7-4668-BE54-9A1E7A4F7556}") = "Core", "..\Release\Core\Core.csproj", "{A76A5DC3-C3FD-4A31-91D1-022A43B5F2BF}"
EndProject
Project("{FAE04EC0-301F-11D3-BF4B-00C04F79EFBC}") = "DatabaseTests", "..\Test\DatabaseTests\DatabaseTests.csproj", "{38C8156C-99C9-4B09-BE4E-D6030E2BC56F}"
EndProject
Project("{FAE04EC0-301F-11D3-BF4B-00C04F79EFBC}") = "DataFeed", "..\Release\DataFeed\DataFeed.csproj", "{B157CC7E-FB01-4B6E-9677-A4F665D17B8A}"
EndProject
Global
	GlobalSection(SolutionConfigurationPlatforms) = preSolution
		Debug|Any CPU = Debug|Any CPU
		Release|Any CPU = Release|Any CPU
	EndGlobalSection
	GlobalSection(ProjectConfigurationPlatforms) = postSolution
		{9F5F069C-9122-48B2-B94D-F4009F658AC2}.Debug|Any CPU.ActiveCfg = Debug|Any CPU
		{9F5F069C-9122-48B2-B94D-F4009F658AC2}.Debug|Any CPU.Build.0 = Debug|Any CPU
		{9F5F069C-9122-48B2-B94D-F4009F658AC2}.Release|Any CPU.ActiveCfg = Release|Any CPU
		{9F5F069C-9122-48B2-B94D-F4009F658AC2}.Release|Any CPU.Build.0 = Release|Any CPU
		{EDC2D5F8-A9C0-41F9-9FDF-F6CBB05E308B}.Debug|Any CPU.ActiveCfg = Debug|Any CPU
		{EDC2D5F8-A9C0-41F9-9FDF-F6CBB05E308B}.Debug|Any CPU.Build.0 = Debug|Any CPU
		{EDC2D5F8-A9C0-41F9-9FDF-F6CBB05E308B}.Release|Any CPU.ActiveCfg = Release|Any CPU
		{EDC2D5F8-A9C0-41F9-9FDF-F6CBB05E308B}.Release|Any CPU.Build.0 = Release|Any CPU
		{A76A5DC3-C3FD-4A31-91D1-022A43B5F2BF}.Debug|Any CPU.ActiveCfg = Debug|Any CPU
		{A76A5DC3-C3FD-4A31-91D1-022A43B5F2BF}.Debug|Any CPU.Build.0 = Debug|Any CPU
		{A76A5DC3-C3FD-4A31-91D1-022A43B5F2BF}.Release|Any CPU.ActiveCfg = Release|Any CPU
		{A76A5DC3-C3FD-4A31-91D1-022A43B5F2BF}.Release|Any CPU.Build.0 = Release|Any CPU
		{38C8156C-99C9-4B09-BE4E-D6030E2BC56F}.Debug|Any CPU.ActiveCfg = Debug|Any CPU
		{38C8156C-99C9-4B09-BE4E-D6030E2BC56F}.Debug|Any CPU.Build.0 = Debug|Any CPU
		{38C8156C-99C9-4B09-BE4E-D6030E2BC56F}.Release|Any CPU.ActiveCfg = Release|Any CPU
		{38C8156C-99C9-4B09-BE4E-D6030E2BC56F}.Release|Any CPU.Build.0 = Release|Any CPU
		{B157CC7E-FB01-4B6E-9677-A4F665D17B8A}.Debug|Any CPU.ActiveCfg = Debug|Any CPU
		{B157CC7E-FB01-4B6E-9677-A4F665D17B8A}.Debug|Any CPU.Build.0 = Debug|Any CPU
		{B157CC7E-FB01-4B6E-9677-A4F665D17B8A}.Release|Any CPU.ActiveCfg = Release|Any CPU
		{B157CC7E-FB01-4B6E-9677-A4F665D17B8A}.Release|Any CPU.Build.0 = Release|Any CPU
	EndGlobalSection
	GlobalSection(SolutionProperties) = preSolution
		HideSolutionNode = FALSE
	EndGlobalSection
	GlobalSection(ExtensibilityGlobals) = postSolution
		SolutionGuid = {EBCF164B-D2FE-4FDE-96EB-96C9318C9092}
	EndGlobalSection
EndGlobal
