
Microsoft Visual Studio Solution File, Format Version 12.00
# Visual Studio Version 16
VisualStudioVersion = 16.0.29123.88
MinimumVisualStudioVersion = 10.0.40219.1
Project("{FAE04EC0-301F-11D3-BF4B-00C04F79EFBC}") = "CommandLine", "Console\CommandLine.csproj", "{34C024AF-1DAA-45AC-ABDF-771D7BD175DE}"
EndProject
Global
	GlobalSection(SolutionConfigurationPlatforms) = preSolution
		Debug|Any CPU = Debug|Any CPU
		Release|Any CPU = Release|Any CPU
	EndGlobalSection
	GlobalSection(ProjectConfigurationPlatforms) = postSolution
		{34C024AF-1DAA-45AC-ABDF-771D7BD175DE}.Debug|Any CPU.ActiveCfg = Debug|Any CPU
		{34C024AF-1DAA-45AC-ABDF-771D7BD175DE}.Debug|Any CPU.Build.0 = Debug|Any CPU
		{34C024AF-1DAA-45AC-ABDF-771D7BD175DE}.Release|Any CPU.ActiveCfg = Release|Any CPU
		{34C024AF-1DAA-45AC-ABDF-771D7BD175DE}.Release|Any CPU.Build.0 = Release|Any CPU
	EndGlobalSection
	GlobalSection(SolutionProperties) = preSolution
		HideSolutionNode = FALSE
	EndGlobalSection
	GlobalSection(ExtensibilityGlobals) = postSolution
		SolutionGuid = {EBCF164B-D2FE-4FDE-96EB-96C9318C9092}
	EndGlobalSection
EndGlobal
